
Microsoft Visual Studio Solution File, Format Version 12.00
# Visual Studio Version 17
VisualStudioVersion = 17.4.33205.214
MinimumVisualStudioVersion = 10.0.40219.1
Project("{9A19103F-16F7-4668-BE54-9A1E7A4F7556}") = "DAL", "DAL\DAL.csproj", "{8BB2FAE6-F1CA-4960-A84D-FBD7B63D2AB8}"
	ProjectSection(ProjectDependencies) = postProject
		{4601F0A8-5A16-4152-A495-A9EB04912671} = {4601F0A8-5A16-4152-A495-A9EB04912671}
	EndProjectSection
EndProject
Project("{9A19103F-16F7-4668-BE54-9A1E7A4F7556}") = "BLL", "BLL\BLL.csproj", "{CED8ABAB-9E1F-42FB-AB5C-E1D6E7473E4A}"
	ProjectSection(ProjectDependencies) = postProject
		{4601F0A8-5A16-4152-A495-A9EB04912671} = {4601F0A8-5A16-4152-A495-A9EB04912671}
		{8BB2FAE6-F1CA-4960-A84D-FBD7B63D2AB8} = {8BB2FAE6-F1CA-4960-A84D-FBD7B63D2AB8}
	EndProjectSection
EndProject
Project("{9A19103F-16F7-4668-BE54-9A1E7A4F7556}") = "EnumTypes", "EnumTypes\EnumTypes.csproj", "{4601F0A8-5A16-4152-A495-A9EB04912671}"
EndProject
Project("{FAE04EC0-301F-11D3-BF4B-00C04F79EFBC}") = "PL_API", "PL_API\PL_API.csproj", "{6F94A8DE-C24C-40E7-B8B7-5C84E7E13BA6}"
	ProjectSection(ProjectDependencies) = postProject
		{4601F0A8-5A16-4152-A495-A9EB04912671} = {4601F0A8-5A16-4152-A495-A9EB04912671}
		{8BB2FAE6-F1CA-4960-A84D-FBD7B63D2AB8} = {8BB2FAE6-F1CA-4960-A84D-FBD7B63D2AB8}
		{CED8ABAB-9E1F-42FB-AB5C-E1D6E7473E4A} = {CED8ABAB-9E1F-42FB-AB5C-E1D6E7473E4A}
	EndProjectSection
EndProject
Global
	GlobalSection(SolutionConfigurationPlatforms) = preSolution
		Debug|Any CPU = Debug|Any CPU
		Release|Any CPU = Release|Any CPU
	EndGlobalSection
	GlobalSection(ProjectConfigurationPlatforms) = postSolution
		{8BB2FAE6-F1CA-4960-A84D-FBD7B63D2AB8}.Debug|Any CPU.ActiveCfg = Debug|Any CPU
		{8BB2FAE6-F1CA-4960-A84D-FBD7B63D2AB8}.Debug|Any CPU.Build.0 = Debug|Any CPU
		{8BB2FAE6-F1CA-4960-A84D-FBD7B63D2AB8}.Release|Any CPU.ActiveCfg = Release|Any CPU
		{8BB2FAE6-F1CA-4960-A84D-FBD7B63D2AB8}.Release|Any CPU.Build.0 = Release|Any CPU
		{CED8ABAB-9E1F-42FB-AB5C-E1D6E7473E4A}.Debug|Any CPU.ActiveCfg = Debug|Any CPU
		{CED8ABAB-9E1F-42FB-AB5C-E1D6E7473E4A}.Debug|Any CPU.Build.0 = Debug|Any CPU
		{CED8ABAB-9E1F-42FB-AB5C-E1D6E7473E4A}.Release|Any CPU.ActiveCfg = Release|Any CPU
		{CED8ABAB-9E1F-42FB-AB5C-E1D6E7473E4A}.Release|Any CPU.Build.0 = Release|Any CPU
		{4601F0A8-5A16-4152-A495-A9EB04912671}.Debug|Any CPU.ActiveCfg = Debug|Any CPU
		{4601F0A8-5A16-4152-A495-A9EB04912671}.Debug|Any CPU.Build.0 = Debug|Any CPU
		{4601F0A8-5A16-4152-A495-A9EB04912671}.Release|Any CPU.ActiveCfg = Release|Any CPU
		{4601F0A8-5A16-4152-A495-A9EB04912671}.Release|Any CPU.Build.0 = Release|Any CPU
		{6F94A8DE-C24C-40E7-B8B7-5C84E7E13BA6}.Debug|Any CPU.ActiveCfg = Debug|Any CPU
		{6F94A8DE-C24C-40E7-B8B7-5C84E7E13BA6}.Debug|Any CPU.Build.0 = Debug|Any CPU
		{6F94A8DE-C24C-40E7-B8B7-5C84E7E13BA6}.Release|Any CPU.ActiveCfg = Release|Any CPU
		{6F94A8DE-C24C-40E7-B8B7-5C84E7E13BA6}.Release|Any CPU.Build.0 = Release|Any CPU
	EndGlobalSection
	GlobalSection(SolutionProperties) = preSolution
		HideSolutionNode = FALSE
	EndGlobalSection
	GlobalSection(ExtensibilityGlobals) = postSolution
		SolutionGuid = {E3978B49-6978-4E6E-A90F-4C8CE2BDCD2D}
	EndGlobalSection
EndGlobal
